{
  "name": "buynary",
  "version": "1.0.0",
  "lockfileVersion": 1,
  "requires": true,
  "dependencies": {
    "accept": {
      "version": "https://registry.npmjs.org/accept/-/accept-2.1.4.tgz",
      "integrity": "sha1-iHr1TO7lx/RDBGGXHsQAxh0JrLs=",
      "requires": {
        "boom": "https://registry.npmjs.org/boom/-/boom-5.1.0.tgz",
        "hoek": "https://registry.npmjs.org/hoek/-/hoek-4.1.1.tgz"
      },
      "dependencies": {
        "boom": {
          "version": "https://registry.npmjs.org/boom/-/boom-5.1.0.tgz",
          "integrity": "sha1-Awj6jpJM1tQtnDv0iDvcmPDnHfg=",
          "requires": {
            "hoek": "https://registry.npmjs.org/hoek/-/hoek-4.1.1.tgz"
          }
        }
      }
    },
    "align-text": {
      "version": "https://registry.npmjs.org/align-text/-/align-text-0.1.4.tgz",
      "integrity": "sha1-DNkKVhCT810KmSVsIrcGlDP60Rc=",
      "requires": {
        "kind-of": "https://registry.npmjs.org/kind-of/-/kind-of-3.2.2.tgz",
        "longest": "https://registry.npmjs.org/longest/-/longest-1.0.1.tgz",
        "repeat-string": "https://registry.npmjs.org/repeat-string/-/repeat-string-1.6.1.tgz"
      }
    },
    "amdefine": {
      "version": "https://registry.npmjs.org/amdefine/-/amdefine-1.0.1.tgz",
      "integrity": "sha1-SlKCrBZHKek2Gbz9OtFR+BfOkfU="
    },
    "ammo": {
      "version": "https://registry.npmjs.org/ammo/-/ammo-2.0.4.tgz",
      "integrity": "sha1-v4CqshFpjqePY+9efxE91dnokX8=",
      "requires": {
        "boom": "https://registry.npmjs.org/boom/-/boom-5.1.0.tgz",
        "hoek": "https://registry.npmjs.org/hoek/-/hoek-4.1.1.tgz"
      },
      "dependencies": {
        "boom": {
          "version": "https://registry.npmjs.org/boom/-/boom-5.1.0.tgz",
          "integrity": "sha1-Awj6jpJM1tQtnDv0iDvcmPDnHfg=",
          "requires": {
            "hoek": "https://registry.npmjs.org/hoek/-/hoek-4.1.1.tgz"
          }
        }
      }
    },
    "ap": {
      "version": "0.2.0",
      "resolved": "https://registry.npmjs.org/ap/-/ap-0.2.0.tgz",
      "integrity": "sha1-rglCYAspkS8NKxTsYMRejzMLYRA="
    },
    "async": {
      "version": "https://registry.npmjs.org/async/-/async-1.5.2.tgz",
      "integrity": "sha1-7GphrlZIDAw8skHJVhjiCJL5Zyo="
    },
    "b64": {
      "version": "https://registry.npmjs.org/b64/-/b64-3.0.2.tgz",
      "integrity": "sha1-ep1gRmrfe43hFMvfZRpf38yQiU0="
    },
    "boom": {
      "version": "https://registry.npmjs.org/boom/-/boom-4.3.1.tgz",
      "integrity": "sha1-T4owBctKfjiJ90kDD9JbluAdLjE=",
      "requires": {
        "hoek": "https://registry.npmjs.org/hoek/-/hoek-4.1.1.tgz"
      }
    },
    "buffer-writer": {
      "version": "1.0.1",
      "resolved": "https://registry.npmjs.org/buffer-writer/-/buffer-writer-1.0.1.tgz",
      "integrity": "sha1-Iqk2kB4wKa/NdUfrRIfOtpejvwg="
    },
    "call": {
      "version": "https://registry.npmjs.org/call/-/call-4.0.2.tgz",
      "integrity": "sha1-33b19R7o3Ui4VqyEAPfmnm1zmcQ=",
      "requires": {
        "boom": "https://registry.npmjs.org/boom/-/boom-5.1.0.tgz",
        "hoek": "https://registry.npmjs.org/hoek/-/hoek-4.1.1.tgz"
      },
      "dependencies": {
        "boom": {
          "version": "https://registry.npmjs.org/boom/-/boom-5.1.0.tgz",
          "integrity": "sha1-Awj6jpJM1tQtnDv0iDvcmPDnHfg=",
          "requires": {
            "hoek": "https://registry.npmjs.org/hoek/-/hoek-4.1.1.tgz"
          }
        }
      }
    },
    "camelcase": {
      "version": "https://registry.npmjs.org/camelcase/-/camelcase-1.2.1.tgz",
      "integrity": "sha1-m7UwTS4LVmmLLHWLCKPqqdqlijk=",
      "optional": true
    },
    "catbox": {
      "version": "https://registry.npmjs.org/catbox/-/catbox-7.1.4.tgz",
      "integrity": "sha1-ipUO0YtkuoCIwa4TLoXFhHnStsw=",
      "requires": {
        "boom": "https://registry.npmjs.org/boom/-/boom-5.1.0.tgz",
        "hoek": "https://registry.npmjs.org/hoek/-/hoek-4.1.1.tgz",
        "joi": "https://registry.npmjs.org/joi/-/joi-10.6.0.tgz"
      },
      "dependencies": {
        "boom": {
          "version": "https://registry.npmjs.org/boom/-/boom-5.1.0.tgz",
          "integrity": "sha1-Awj6jpJM1tQtnDv0iDvcmPDnHfg=",
          "requires": {
            "hoek": "https://registry.npmjs.org/hoek/-/hoek-4.1.1.tgz"
          }
        }
      }
    },
    "catbox-memory": {
      "version": "https://registry.npmjs.org/catbox-memory/-/catbox-memory-2.0.4.tgz",
      "integrity": "sha1-Qz4lWQLK9UIz0ShkKcj03xToItU=",
      "requires": {
        "hoek": "https://registry.npmjs.org/hoek/-/hoek-4.1.1.tgz"
      }
    },
    "center-align": {
      "version": "https://registry.npmjs.org/center-align/-/center-align-0.1.3.tgz",
      "integrity": "sha1-qg0yYptu6XIgBBHL1EYckHvCt60=",
      "optional": true,
      "requires": {
        "align-text": "https://registry.npmjs.org/align-text/-/align-text-0.1.4.tgz",
        "lazy-cache": "https://registry.npmjs.org/lazy-cache/-/lazy-cache-1.0.4.tgz"
      }
    },
    "cliui": {
      "version": "https://registry.npmjs.org/cliui/-/cliui-2.1.0.tgz",
      "integrity": "sha1-S0dXYP+AJkx2LDoXGQMukcf+oNE=",
      "optional": true,
      "requires": {
        "center-align": "https://registry.npmjs.org/center-align/-/center-align-0.1.3.tgz",
        "right-align": "https://registry.npmjs.org/right-align/-/right-align-0.1.3.tgz",
        "wordwrap": "https://registry.npmjs.org/wordwrap/-/wordwrap-0.0.2.tgz"
      },
      "dependencies": {
        "wordwrap": {
          "version": "https://registry.npmjs.org/wordwrap/-/wordwrap-0.0.2.tgz",
          "integrity": "sha1-t5Zpu0LstAn4PVg8rVLKF+qhZD8=",
          "optional": true
        }
      }
    },
    "content": {
      "version": "https://registry.npmjs.org/content/-/content-3.0.4.tgz",
      "integrity": "sha1-yj3eBEgPElGbcVJuxEvUiN37P+8=",
      "requires": {
        "boom": "https://registry.npmjs.org/boom/-/boom-5.1.0.tgz"
      },
      "dependencies": {
        "boom": {
          "version": "https://registry.npmjs.org/boom/-/boom-5.1.0.tgz",
          "integrity": "sha1-Awj6jpJM1tQtnDv0iDvcmPDnHfg=",
          "requires": {
            "hoek": "https://registry.npmjs.org/hoek/-/hoek-4.1.1.tgz"
          }
        }
      }
    },
    "cryptiles": {
      "version": "https://registry.npmjs.org/cryptiles/-/cryptiles-3.1.2.tgz",
      "integrity": "sha1-qJ+7Ig9c4l7FboxKqKT9e1sNKf4=",
      "requires": {
        "boom": "https://registry.npmjs.org/boom/-/boom-5.1.0.tgz"
      },
      "dependencies": {
        "boom": {
          "version": "https://registry.npmjs.org/boom/-/boom-5.1.0.tgz",
          "integrity": "sha1-Awj6jpJM1tQtnDv0iDvcmPDnHfg=",
          "requires": {
            "hoek": "https://registry.npmjs.org/hoek/-/hoek-4.1.1.tgz"
          }
        }
      }
    },
    "decamelize": {
      "version": "https://registry.npmjs.org/decamelize/-/decamelize-1.2.0.tgz",
      "integrity": "sha1-9lNNFRSCabIDUue+4m9QH5oZEpA=",
      "optional": true
    },
    "generic-pool": {
      "version": "2.4.3",
      "resolved": "https://registry.npmjs.org/generic-pool/-/generic-pool-2.4.3.tgz",
      "integrity": "sha1-eAw29p360FpaBF3Te+etyhGk9v8="
    },
    "handlebars": {
      "version": "https://registry.npmjs.org/handlebars/-/handlebars-4.0.10.tgz",
      "integrity": "sha1-PTDHGLCaPZbyPqTMH0A8TTup/08=",
      "requires": {
        "async": "https://registry.npmjs.org/async/-/async-1.5.2.tgz",
        "optimist": "https://registry.npmjs.org/optimist/-/optimist-0.6.1.tgz",
        "source-map": "https://registry.npmjs.org/source-map/-/source-map-0.4.4.tgz",
        "uglify-js": "https://registry.npmjs.org/uglify-js/-/uglify-js-2.8.29.tgz"
      }
    },
    "hapi": {
      "version": "https://registry.npmjs.org/hapi/-/hapi-16.4.3.tgz",
      "integrity": "sha1-vk2q8tzb7peVfOUDBhsJdlB4qgU=",
      "requires": {
        "accept": "https://registry.npmjs.org/accept/-/accept-2.1.4.tgz",
        "ammo": "https://registry.npmjs.org/ammo/-/ammo-2.0.4.tgz",
        "boom": "https://registry.npmjs.org/boom/-/boom-5.1.0.tgz",
        "call": "https://registry.npmjs.org/call/-/call-4.0.2.tgz",
        "catbox": "https://registry.npmjs.org/catbox/-/catbox-7.1.4.tgz",
        "catbox-memory": "https://registry.npmjs.org/catbox-memory/-/catbox-memory-2.0.4.tgz",
        "cryptiles": "https://registry.npmjs.org/cryptiles/-/cryptiles-3.1.2.tgz",
        "heavy": "https://registry.npmjs.org/heavy/-/heavy-4.0.4.tgz",
        "hoek": "https://registry.npmjs.org/hoek/-/hoek-4.1.1.tgz",
        "iron": "https://registry.npmjs.org/iron/-/iron-4.0.5.tgz",
        "items": "https://registry.npmjs.org/items/-/items-2.1.1.tgz",
        "joi": "https://registry.npmjs.org/joi/-/joi-10.6.0.tgz",
        "mimos": "https://registry.npmjs.org/mimos/-/mimos-3.0.3.tgz",
        "podium": "https://registry.npmjs.org/podium/-/podium-1.2.5.tgz",
        "shot": "https://registry.npmjs.org/shot/-/shot-3.4.2.tgz",
        "statehood": "https://registry.npmjs.org/statehood/-/statehood-5.0.2.tgz",
        "subtext": "https://registry.npmjs.org/subtext/-/subtext-4.4.1.tgz",
        "topo": "https://registry.npmjs.org/topo/-/topo-2.0.2.tgz"
      },
      "dependencies": {
        "boom": {
          "version": "https://registry.npmjs.org/boom/-/boom-5.1.0.tgz",
          "integrity": "sha1-Awj6jpJM1tQtnDv0iDvcmPDnHfg=",
          "requires": {
            "hoek": "https://registry.npmjs.org/hoek/-/hoek-4.1.1.tgz"
          }
        }
      }
    },
    "heavy": {
      "version": "https://registry.npmjs.org/heavy/-/heavy-4.0.4.tgz",
      "integrity": "sha1-NskTNsAMz+hSyqTRUwhjNc0vAOk=",
      "requires": {
        "boom": "https://registry.npmjs.org/boom/-/boom-5.1.0.tgz",
        "hoek": "https://registry.npmjs.org/hoek/-/hoek-4.1.1.tgz",
        "joi": "https://registry.npmjs.org/joi/-/joi-10.6.0.tgz"
      },
      "dependencies": {
        "boom": {
          "version": "https://registry.npmjs.org/boom/-/boom-5.1.0.tgz",
          "integrity": "sha1-Awj6jpJM1tQtnDv0iDvcmPDnHfg=",
          "requires": {
            "hoek": "https://registry.npmjs.org/hoek/-/hoek-4.1.1.tgz"
          }
        }
      }
    },
    "hoek": {
      "version": "https://registry.npmjs.org/hoek/-/hoek-4.1.1.tgz",
      "integrity": "sha1-nMVz/7ore0CPtenCoTeWvpTN3Ok="
    },
    "inert": {
      "version": "https://registry.npmjs.org/inert/-/inert-4.2.0.tgz",
      "integrity": "sha1-aqXajOGZgutyqr70vdpk/WdQsAU=",
      "requires": {
        "ammo": "https://registry.npmjs.org/ammo/-/ammo-2.0.4.tgz",
        "boom": "https://registry.npmjs.org/boom/-/boom-4.3.1.tgz",
        "hoek": "https://registry.npmjs.org/hoek/-/hoek-4.1.1.tgz",
        "items": "https://registry.npmjs.org/items/-/items-2.1.1.tgz",
        "joi": "https://registry.npmjs.org/joi/-/joi-10.6.0.tgz",
        "lru-cache": "https://registry.npmjs.org/lru-cache/-/lru-cache-4.0.2.tgz"
      }
    },
    "iron": {
      "version": "https://registry.npmjs.org/iron/-/iron-4.0.5.tgz",
      "integrity": "sha1-TwQszri5c480a1mqc0yDqJvDFCg=",
      "requires": {
        "boom": "https://registry.npmjs.org/boom/-/boom-5.1.0.tgz",
        "cryptiles": "https://registry.npmjs.org/cryptiles/-/cryptiles-3.1.2.tgz",
        "hoek": "https://registry.npmjs.org/hoek/-/hoek-4.1.1.tgz"
      },
      "dependencies": {
        "boom": {
          "version": "https://registry.npmjs.org/boom/-/boom-5.1.0.tgz",
          "integrity": "sha1-Awj6jpJM1tQtnDv0iDvcmPDnHfg=",
          "requires": {
            "hoek": "https://registry.npmjs.org/hoek/-/hoek-4.1.1.tgz"
          }
        }
      }
    },
    "is-buffer": {
      "version": "https://registry.npmjs.org/is-buffer/-/is-buffer-1.1.5.tgz",
      "integrity": "sha1-Hzsm72E7IUuIy8ojzGwB2Hlh7sw="
    },
    "isemail": {
      "version": "https://registry.npmjs.org/isemail/-/isemail-2.2.1.tgz",
      "integrity": "sha1-A1PT2aYpUQgMJiwqoKQrjqjp4qY="
    },
    "items": {
      "version": "https://registry.npmjs.org/items/-/items-2.1.1.tgz",
      "integrity": "sha1-i9FtnIOxlSneWuoyGsqtp4NkoZg="
    },
    "joi": {
      "version": "https://registry.npmjs.org/joi/-/joi-10.6.0.tgz",
      "integrity": "sha1-Ulh/AtUri3XNsMdPCxZKGRoOH8I=",
      "requires": {
        "hoek": "https://registry.npmjs.org/hoek/-/hoek-4.1.1.tgz",
        "isemail": "https://registry.npmjs.org/isemail/-/isemail-2.2.1.tgz",
        "items": "https://registry.npmjs.org/items/-/items-2.1.1.tgz",
        "topo": "https://registry.npmjs.org/topo/-/topo-2.0.2.tgz"
      }
    },
    "kind-of": {
      "version": "https://registry.npmjs.org/kind-of/-/kind-of-3.2.2.tgz",
      "integrity": "sha1-MeohpzS6ubuw8yRm2JOupR5KPGQ=",
      "requires": {
        "is-buffer": "https://registry.npmjs.org/is-buffer/-/is-buffer-1.1.5.tgz"
      }
    },
    "lazy-cache": {
      "version": "https://registry.npmjs.org/lazy-cache/-/lazy-cache-1.0.4.tgz",
      "integrity": "sha1-odePw6UEdMuAhF07O24dpJpEbo4=",
      "optional": true
    },
    "longest": {
      "version": "https://registry.npmjs.org/longest/-/longest-1.0.1.tgz",
      "integrity": "sha1-MKCy2jj3N3DoKUoNIuZiXtd9AJc="
    },
    "lout": {
      "version": "https://registry.npmjs.org/lout/-/lout-10.0.1.tgz",
      "integrity": "sha1-f4DlgMxot3Ojpdu7TlfSonzyJTI=",
      "requires": {
        "boom": "https://registry.npmjs.org/boom/-/boom-4.3.1.tgz",
        "handlebars": "https://registry.npmjs.org/handlebars/-/handlebars-4.0.10.tgz",
        "hoek": "https://registry.npmjs.org/hoek/-/hoek-4.1.1.tgz"
      }
    },
    "lru-cache": {
      "version": "https://registry.npmjs.org/lru-cache/-/lru-cache-4.0.2.tgz",
      "integrity": "sha1-HRdnnAac2l0ECZGgnbwsDbN35V4=",
      "requires": {
        "pseudomap": "https://registry.npmjs.org/pseudomap/-/pseudomap-1.0.2.tgz",
        "yallist": "https://registry.npmjs.org/yallist/-/yallist-2.1.2.tgz"
      }
    },
    "mime-db": {
      "version": "https://registry.npmjs.org/mime-db/-/mime-db-1.28.0.tgz",
      "integrity": "sha1-/t00m+BtKGW3/FfYN8beTxfXrDw="
    },
    "mimos": {
      "version": "https://registry.npmjs.org/mimos/-/mimos-3.0.3.tgz",
      "integrity": "sha1-uRCQcq03jCty9qAQHEPd+ys2ZB8=",
      "requires": {
        "hoek": "https://registry.npmjs.org/hoek/-/hoek-4.1.1.tgz",
        "mime-db": "https://registry.npmjs.org/mime-db/-/mime-db-1.28.0.tgz"
      }
    },
    "minimist": {
      "version": "https://registry.npmjs.org/minimist/-/minimist-0.0.10.tgz",
      "integrity": "sha1-3j+YVD2/lggr5IrRoMfNqDYwHc8="
    },
    "nigel": {
      "version": "https://registry.npmjs.org/nigel/-/nigel-2.0.2.tgz",
      "integrity": "sha1-k6GGb7DFLYc5CqdeKxYfS1x15bE=",
      "requires": {
        "hoek": "https://registry.npmjs.org/hoek/-/hoek-4.1.1.tgz",
        "vise": "https://registry.npmjs.org/vise/-/vise-2.0.2.tgz"
      }
    },
    "object-assign": {
      "version": "4.1.0",
      "resolved": "https://registry.npmjs.org/object-assign/-/object-assign-4.1.0.tgz",
      "integrity": "sha1-ejs9DpgGPUP0wD8uiubNUahog6A="
    },
    "optimist": {
      "version": "https://registry.npmjs.org/optimist/-/optimist-0.6.1.tgz",
      "integrity": "sha1-2j6nRob6IaGaERwybpDrFaAZZoY=",
      "requires": {
        "minimist": "https://registry.npmjs.org/minimist/-/minimist-0.0.10.tgz",
        "wordwrap": "https://registry.npmjs.org/wordwrap/-/wordwrap-0.0.3.tgz"
      }
    },
    "packet-reader": {
      "version": "0.3.1",
      "resolved": "https://registry.npmjs.org/packet-reader/-/packet-reader-0.3.1.tgz",
      "integrity": "sha1-zWLmCvjX/qinBexP+ZCHHEaHHyc="
    },
    "pez": {
      "version": "https://registry.npmjs.org/pez/-/pez-2.1.5.tgz",
      "integrity": "sha1-XsLMYlAMw+tCNtSkFM9aF7XrUAc=",
      "requires": {
        "b64": "https://registry.npmjs.org/b64/-/b64-3.0.2.tgz",
        "boom": "https://registry.npmjs.org/boom/-/boom-5.1.0.tgz",
        "content": "https://registry.npmjs.org/content/-/content-3.0.4.tgz",
        "hoek": "https://registry.npmjs.org/hoek/-/hoek-4.1.1.tgz",
        "nigel": "https://registry.npmjs.org/nigel/-/nigel-2.0.2.tgz"
      },
      "dependencies": {
        "boom": {
          "version": "https://registry.npmjs.org/boom/-/boom-5.1.0.tgz",
          "integrity": "sha1-Awj6jpJM1tQtnDv0iDvcmPDnHfg=",
          "requires": {
            "hoek": "https://registry.npmjs.org/hoek/-/hoek-4.1.1.tgz"
          }
        }
      }
    },
    "pg": {
      "version": "6.4.0",
      "resolved": "https://registry.npmjs.org/pg/-/pg-6.4.0.tgz",
      "integrity": "sha1-y3a6Lnwuq4n8ZL96n+ZIztckNtw=",
      "requires": {
        "buffer-writer": "1.0.1",
        "packet-reader": "0.3.1",
        "pg-connection-string": "0.1.3",
        "pg-pool": "1.8.0",
        "pg-types": "1.12.0",
        "pgpass": "1.0.2",
        "semver": "4.3.2"
      }
    },
    "pg-connection-string": {
      "version": "0.1.3",
      "resolved": "https://registry.npmjs.org/pg-connection-string/-/pg-connection-string-0.1.3.tgz",
      "integrity": "sha1-2hhHsglA5C7hSSvq9l1J2RskXfc="
    },
    "pg-pool": {
      "version": "1.8.0",
      "resolved": "https://registry.npmjs.org/pg-pool/-/pg-pool-1.8.0.tgz",
      "integrity": "sha1-9+xzgkw3oD8Hb1G/33DjQBR8Tzc=",
      "requires": {
        "generic-pool": "2.4.3",
        "object-assign": "4.1.0"
      }
    },
    "pg-types": {
      "version": "1.12.0",
      "resolved": "https://registry.npmjs.org/pg-types/-/pg-types-1.12.0.tgz",
      "integrity": "sha1-itO3uJfj/UY+Yt4kGtX8ZAtKZvA=",
      "requires": {
        "ap": "0.2.0",
        "postgres-array": "1.0.2",
        "postgres-bytea": "1.0.0",
        "postgres-date": "1.0.3",
        "postgres-interval": "1.1.0"
      }
    },
    "pgpass": {
      "version": "1.0.2",
      "resolved": "https://registry.npmjs.org/pgpass/-/pgpass-1.0.2.tgz",
      "integrity": "sha1-Knu0G2BltnkH6R2hsHwYR8h3swY=",
      "requires": {
        "split": "1.0.0"
      }
    },
    "podium": {
      "version": "https://registry.npmjs.org/podium/-/podium-1.2.5.tgz",
      "integrity": "sha1-h8VmwvA2W88KHsdgLE0BlIzdKtU=",
      "requires": {
        "hoek": "https://registry.npmjs.org/hoek/-/hoek-4.1.1.tgz",
        "items": "https://registry.npmjs.org/items/-/items-2.1.1.tgz",
        "joi": "https://registry.npmjs.org/joi/-/joi-10.6.0.tgz"
      }
    },
    "postgres-array": {
      "version": "1.0.2",
      "resolved": "https://registry.npmjs.org/postgres-array/-/postgres-array-1.0.2.tgz",
      "integrity": "sha1-jgsy6wO/d6XAp4UeBEHBaaJWojg="
    },
    "postgres-bytea": {
      "version": "1.0.0",
      "resolved": "https://registry.npmjs.org/postgres-bytea/-/postgres-bytea-1.0.0.tgz",
      "integrity": "sha1-AntTPAqokOJtFy1Hz5zOzFIazTU="
    },
    "postgres-date": {
      "version": "1.0.3",
      "resolved": "https://registry.npmjs.org/postgres-date/-/postgres-date-1.0.3.tgz",
      "integrity": "sha1-4tiXAu/bJY/52c7g/pG9BpdSV6g="
    },
    "postgres-interval": {
      "version": "1.1.0",
      "resolved": "https://registry.npmjs.org/postgres-interval/-/postgres-interval-1.1.0.tgz",
      "integrity": "sha1-EDHnusNFZBMoYq3J62xtLzqnW7Q=",
      "requires": {
        "xtend": "4.0.1"
      }
    },
    "pseudomap": {
      "version": "https://registry.npmjs.org/pseudomap/-/pseudomap-1.0.2.tgz",
      "integrity": "sha1-8FKijacOYYkX7wqKw0wa5aaChrM="
    },
    "repeat-string": {
      "version": "https://registry.npmjs.org/repeat-string/-/repeat-string-1.6.1.tgz",
      "integrity": "sha1-jcrkcOHIirwtYA//Sndihtp15jc="
    },
    "right-align": {
      "version": "https://registry.npmjs.org/right-align/-/right-align-0.1.3.tgz",
      "integrity": "sha1-YTObci/mo1FWiSENJOFMlhSGE+8=",
      "optional": true,
      "requires": {
        "align-text": "https://registry.npmjs.org/align-text/-/align-text-0.1.4.tgz"
      }
    },
    "semver": {
      "version": "4.3.2",
      "resolved": "https://registry.npmjs.org/semver/-/semver-4.3.2.tgz",
      "integrity": "sha1-x6BxWKgL7dBSNVt3DYLWZA+AO+c="
    },
    "shot": {
      "version": "https://registry.npmjs.org/shot/-/shot-3.4.2.tgz",
      "integrity": "sha1-Hlw/bysmZJrcQvfrNQIUpaApHWc=",
      "requires": {
        "hoek": "https://registry.npmjs.org/hoek/-/hoek-4.1.1.tgz",
        "joi": "https://registry.npmjs.org/joi/-/joi-10.6.0.tgz"
      }
    },
    "source-map": {
      "version": "https://registry.npmjs.org/source-map/-/source-map-0.4.4.tgz",
      "integrity": "sha1-66T12pwNyZneaAMti092FzZSA2s=",
      "requires": {
        "amdefine": "https://registry.npmjs.org/amdefine/-/amdefine-1.0.1.tgz"
      }
    },
    "split": {
      "version": "1.0.0",
      "resolved": "https://registry.npmjs.org/split/-/split-1.0.0.tgz",
      "integrity": "sha1-xDlc5oOrzSVLwo/h2rtuXCfc/64=",
      "requires": {
        "through": "2.3.8"
      }
    },
    "statehood": {
      "version": "https://registry.npmjs.org/statehood/-/statehood-5.0.2.tgz",
      "integrity": "sha1-xrO6oW7YsSHT8Jo/+oXiIZWn8qk=",
      "requires": {
        "boom": "https://registry.npmjs.org/boom/-/boom-5.1.0.tgz",
        "cryptiles": "https://registry.npmjs.org/cryptiles/-/cryptiles-3.1.2.tgz",
        "hoek": "https://registry.npmjs.org/hoek/-/hoek-4.1.1.tgz",
        "iron": "https://registry.npmjs.org/iron/-/iron-4.0.5.tgz",
        "items": "https://registry.npmjs.org/items/-/items-2.1.1.tgz",
        "joi": "https://registry.npmjs.org/joi/-/joi-10.6.0.tgz"
      },
      "dependencies": {
        "boom": {
          "version": "https://registry.npmjs.org/boom/-/boom-5.1.0.tgz",
          "integrity": "sha1-Awj6jpJM1tQtnDv0iDvcmPDnHfg=",
          "requires": {
            "hoek": "https://registry.npmjs.org/hoek/-/hoek-4.1.1.tgz"
          }
        }
      }
    },
    "subtext": {
      "version": "https://registry.npmjs.org/subtext/-/subtext-4.4.1.tgz",
      "integrity": "sha1-L87JRd5CkoPD0YsVH/D6HxuHrsk=",
      "requires": {
        "boom": "https://registry.npmjs.org/boom/-/boom-5.1.0.tgz",
        "content": "https://registry.npmjs.org/content/-/content-3.0.4.tgz",
        "hoek": "https://registry.npmjs.org/hoek/-/hoek-4.1.1.tgz",
        "pez": "https://registry.npmjs.org/pez/-/pez-2.1.5.tgz",
        "wreck": "https://registry.npmjs.org/wreck/-/wreck-12.2.2.tgz"
      },
      "dependencies": {
        "boom": {
          "version": "https://registry.npmjs.org/boom/-/boom-5.1.0.tgz",
          "integrity": "sha1-Awj6jpJM1tQtnDv0iDvcmPDnHfg=",
          "requires": {
            "hoek": "https://registry.npmjs.org/hoek/-/hoek-4.1.1.tgz"
          }
        }
      }
    },
    "supervisor": {
      "version": "https://registry.npmjs.org/supervisor/-/supervisor-0.12.0.tgz",
      "integrity": "sha1-3n5jNwFbKRhRwQ81OMSn8EkX7ME="
    },
    "through": {
      "version": "2.3.8",
      "resolved": "https://registry.npmjs.org/through/-/through-2.3.8.tgz",
      "integrity": "sha1-DdTJ/6q8NXlgsbckEV1+Doai4fU="
    },
    "topo": {
      "version": "https://registry.npmjs.org/topo/-/topo-2.0.2.tgz",
      "integrity": "sha1-zVYVdSU5BXwNwEkaYhw7xvvh0YI=",
      "requires": {
        "hoek": "https://registry.npmjs.org/hoek/-/hoek-4.1.1.tgz"
      }
    },
    "uglify-js": {
      "version": "https://registry.npmjs.org/uglify-js/-/uglify-js-2.8.29.tgz",
      "integrity": "sha1-KcVzMUgFe7Th913zW3qcty5qWd0=",
      "optional": true,
      "requires": {
        "source-map": "https://registry.npmjs.org/source-map/-/source-map-0.5.6.tgz",
        "uglify-to-browserify": "https://registry.npmjs.org/uglify-to-browserify/-/uglify-to-browserify-1.0.2.tgz",
        "yargs": "https://registry.npmjs.org/yargs/-/yargs-3.10.0.tgz"
      },
      "dependencies": {
        "source-map": {
          "version": "https://registry.npmjs.org/source-map/-/source-map-0.5.6.tgz",
          "integrity": "sha1-dc449SvwczxafwwRjYEzSiu19BI=",
          "optional": true
        }
      }
    },
    "uglify-to-browserify": {
      "version": "https://registry.npmjs.org/uglify-to-browserify/-/uglify-to-browserify-1.0.2.tgz",
      "integrity": "sha1-bgkk1r2mta/jSeOabWMoUKD4grc=",
      "optional": true
    },
    "vise": {
      "version": "https://registry.npmjs.org/vise/-/vise-2.0.2.tgz",
      "integrity": "sha1-awjo+0y3bjpQzW3Q7DczjoEaDTk=",
      "requires": {
        "hoek": "https://registry.npmjs.org/hoek/-/hoek-4.1.1.tgz"
      }
    },
    "vision": {
      "version": "https://registry.npmjs.org/vision/-/vision-4.1.1.tgz",
      "integrity": "sha1-4bYSstLi8gMQoDkpD9SdUSSPgto=",
      "requires": {
        "boom": "https://registry.npmjs.org/boom/-/boom-4.3.1.tgz",
        "hoek": "https://registry.npmjs.org/hoek/-/hoek-4.1.1.tgz",
        "items": "https://registry.npmjs.org/items/-/items-2.1.1.tgz",
        "joi": "https://registry.npmjs.org/joi/-/joi-10.6.0.tgz"
      }
    },
    "window-size": {
      "version": "https://registry.npmjs.org/window-size/-/window-size-0.1.0.tgz",
      "integrity": "sha1-VDjNLqk7IC76Ohn+iIeu58lPnJ0=",
      "optional": true
    },
    "wordwrap": {
      "version": "https://registry.npmjs.org/wordwrap/-/wordwrap-0.0.3.tgz",
      "integrity": "sha1-o9XabNXAvAAI03I0u68b7WMFkQc="
    },
    "wreck": {
      "version": "https://registry.npmjs.org/wreck/-/wreck-12.2.2.tgz",
      "integrity": "sha1-4hgj00w21nIATu+jR66MT2BQ49s=",
      "requires": {
        "boom": "https://registry.npmjs.org/boom/-/boom-5.1.0.tgz",
        "hoek": "https://registry.npmjs.org/hoek/-/hoek-4.1.1.tgz"
      },
      "dependencies": {
        "boom": {
          "version": "https://registry.npmjs.org/boom/-/boom-5.1.0.tgz",
          "integrity": "sha1-Awj6jpJM1tQtnDv0iDvcmPDnHfg=",
          "requires": {
            "hoek": "https://registry.npmjs.org/hoek/-/hoek-4.1.1.tgz"
          }
        }
      }
    },
    "xtend": {
      "version": "4.0.1",
      "resolved": "https://registry.npmjs.org/xtend/-/xtend-4.0.1.tgz",
      "integrity": "sha1-pcbVMr5lbiPbgg77lDofBJmNY68="
    },
    "yallist": {
      "version": "https://registry.npmjs.org/yallist/-/yallist-2.1.2.tgz",
      "integrity": "sha1-HBH5IY8HYImkfdUS+TxmmaaoHVI="
    },
    "yargs": {
      "version": "https://registry.npmjs.org/yargs/-/yargs-3.10.0.tgz",
      "integrity": "sha1-9+572FfdfB0tOMDnTvvWgdFDH9E=",
      "optional": true,
      "requires": {
        "camelcase": "https://registry.npmjs.org/camelcase/-/camelcase-1.2.1.tgz",
        "cliui": "https://registry.npmjs.org/cliui/-/cliui-2.1.0.tgz",
        "decamelize": "https://registry.npmjs.org/decamelize/-/decamelize-1.2.0.tgz",
        "window-size": "https://registry.npmjs.org/window-size/-/window-size-0.1.0.tgz"
      }
    }
  }
}
